
Microsoft Visual Studio Solution File, Format Version 12.00
# Visual Studio 15
VisualStudioVersion = 15.0.27428.2015
MinimumVisualStudioVersion = 10.0.40219.1
Project("{FAE04EC0-301F-11D3-BF4B-00C04F79EFBC}") = "Welcome_to_Cs", "Welcome_to_Cs\Welcome_to_Cs.csproj", "{883066F1-D1CF-4878-9937-748755EC37B3}"
EndProject
Global
	GlobalSection(SolutionConfigurationPlatforms) = preSolution
		Debug|Any CPU = Debug|Any CPU
		Release|Any CPU = Release|Any CPU
	EndGlobalSection
	GlobalSection(ProjectConfigurationPlatforms) = postSolution
		{883066F1-D1CF-4878-9937-748755EC37B3}.Debug|Any CPU.ActiveCfg = Debug|Any CPU
		{883066F1-D1CF-4878-9937-748755EC37B3}.Debug|Any CPU.Build.0 = Debug|Any CPU
		{883066F1-D1CF-4878-9937-748755EC37B3}.Release|Any CPU.ActiveCfg = Release|Any CPU
		{883066F1-D1CF-4878-9937-748755EC37B3}.Release|Any CPU.Build.0 = Release|Any CPU
	EndGlobalSection
	GlobalSection(SolutionProperties) = preSolution
		HideSolutionNode = FALSE
	EndGlobalSection
	GlobalSection(ExtensibilityGlobals) = postSolution
		SolutionGuid = {D97491CD-7A24-4387-8DC0-1DDFD0F6A4D1}
	EndGlobalSection
EndGlobal
